
Microsoft Visual Studio Solution File, Format Version 12.00
# Visual Studio 15
Project("{FAE04EC0-301F-11D3-BF4B-00C04F79EFBC}") = "Assembly-CSharp", "Assembly-CSharp.csproj", "{8D18D331-C1BB-A22C-0BD5-96C152A999F9}"
EndProject
Project("{FAE04EC0-301F-11D3-BF4B-00C04F79EFBC}") = "SuperTiled2Unity", "SuperTiled2Unity.csproj", "{295920ED-6BF0-B37C-D3D3-774035E584D8}"
EndProject
Project("{FAE04EC0-301F-11D3-BF4B-00C04F79EFBC}") = "NavMeshComponents", "NavMeshComponents.csproj", "{D17FF7E0-5E94-31A4-ABA0-2A3A4A11C49D}"
EndProject
Project("{FAE04EC0-301F-11D3-BF4B-00C04F79EFBC}") = "SuperTiled2UnityEditor", "SuperTiled2UnityEditor.csproj", "{C1EF6205-B14C-11B0-9476-F86538A03205}"
EndProject
Project("{FAE04EC0-301F-11D3-BF4B-00C04F79EFBC}") = "NavMeshComponentsEditor", "NavMeshComponentsEditor.csproj", "{5C605954-FCEC-96DC-B2BA-34FEEC39DFF9}"
EndProject
Global
	GlobalSection(SolutionConfigurationPlatforms) = preSolution
		Debug|Any CPU = Debug|Any CPU
		Release|Any CPU = Release|Any CPU
	EndGlobalSection
	GlobalSection(ProjectConfigurationPlatforms) = postSolution
		{8D18D331-C1BB-A22C-0BD5-96C152A999F9}.Debug|Any CPU.ActiveCfg = Debug|Any CPU
		{8D18D331-C1BB-A22C-0BD5-96C152A999F9}.Debug|Any CPU.Build.0 = Debug|Any CPU
		{8D18D331-C1BB-A22C-0BD5-96C152A999F9}.Release|Any CPU.ActiveCfg = Release|Any CPU
		{8D18D331-C1BB-A22C-0BD5-96C152A999F9}.Release|Any CPU.Build.0 = Release|Any CPU
		{295920ED-6BF0-B37C-D3D3-774035E584D8}.Debug|Any CPU.ActiveCfg = Debug|Any CPU
		{295920ED-6BF0-B37C-D3D3-774035E584D8}.Debug|Any CPU.Build.0 = Debug|Any CPU
		{295920ED-6BF0-B37C-D3D3-774035E584D8}.Release|Any CPU.ActiveCfg = Release|Any CPU
		{295920ED-6BF0-B37C-D3D3-774035E584D8}.Release|Any CPU.Build.0 = Release|Any CPU
		{D17FF7E0-5E94-31A4-ABA0-2A3A4A11C49D}.Debug|Any CPU.ActiveCfg = Debug|Any CPU
		{D17FF7E0-5E94-31A4-ABA0-2A3A4A11C49D}.Debug|Any CPU.Build.0 = Debug|Any CPU
		{D17FF7E0-5E94-31A4-ABA0-2A3A4A11C49D}.Release|Any CPU.ActiveCfg = Release|Any CPU
		{D17FF7E0-5E94-31A4-ABA0-2A3A4A11C49D}.Release|Any CPU.Build.0 = Release|Any CPU
		{C1EF6205-B14C-11B0-9476-F86538A03205}.Debug|Any CPU.ActiveCfg = Debug|Any CPU
		{C1EF6205-B14C-11B0-9476-F86538A03205}.Debug|Any CPU.Build.0 = Debug|Any CPU
		{C1EF6205-B14C-11B0-9476-F86538A03205}.Release|Any CPU.ActiveCfg = Release|Any CPU
		{C1EF6205-B14C-11B0-9476-F86538A03205}.Release|Any CPU.Build.0 = Release|Any CPU
		{5C605954-FCEC-96DC-B2BA-34FEEC39DFF9}.Debug|Any CPU.ActiveCfg = Debug|Any CPU
		{5C605954-FCEC-96DC-B2BA-34FEEC39DFF9}.Debug|Any CPU.Build.0 = Debug|Any CPU
		{5C605954-FCEC-96DC-B2BA-34FEEC39DFF9}.Release|Any CPU.ActiveCfg = Release|Any CPU
		{5C605954-FCEC-96DC-B2BA-34FEEC39DFF9}.Release|Any CPU.Build.0 = Release|Any CPU
	EndGlobalSection
	GlobalSection(SolutionProperties) = preSolution
		HideSolutionNode = FALSE
	EndGlobalSection
EndGlobal
